
Microsoft Visual Studio Solution File, Format Version 12.00
# Visual Studio Version 17
VisualStudioVersion = 17.7.34003.232
MinimumVisualStudioVersion = 10.0.40219.1
Project("{FAE04EC0-301F-11D3-BF4B-00C04F79EFBC}") = "Lab4", "Lab4.csproj", "{23D0C505-6E90-4792-8C25-F16F8E3341E4}"
EndProject
Global
	GlobalSection(SolutionConfigurationPlatforms) = preSolution
		Debug|Any CPU = Debug|Any CPU
		Release|Any CPU = Release|Any CPU
	EndGlobalSection
	GlobalSection(ProjectConfigurationPlatforms) = postSolution
		{23D0C505-6E90-4792-8C25-F16F8E3341E4}.Debug|Any CPU.ActiveCfg = Debug|Any CPU
		{23D0C505-6E90-4792-8C25-F16F8E3341E4}.Debug|Any CPU.Build.0 = Debug|Any CPU
		{23D0C505-6E90-4792-8C25-F16F8E3341E4}.Release|Any CPU.ActiveCfg = Release|Any CPU
		{23D0C505-6E90-4792-8C25-F16F8E3341E4}.Release|Any CPU.Build.0 = Release|Any CPU
	EndGlobalSection
	GlobalSection(SolutionProperties) = preSolution
		HideSolutionNode = FALSE
	EndGlobalSection
	GlobalSection(ExtensibilityGlobals) = postSolution
		SolutionGuid = {04931337-03B0-4397-AA3D-520472604A8D}
	EndGlobalSection
EndGlobal
